{
  "object": {
    "pins": [
      {
        "package": "GSPlayer",
        "repositoryURL": "https://github.com/xiaobaiskill/GSPlayer.git",
        "state": {
          "branch": "master",
          "revision": "b85880bdf67b0963a9dc28ea604cb92cda24e6eb",
          "version": null
        }
      }
    ]
  },
  "version": 1
}
